
Microsoft Visual Studio Solution File, Format Version 12.00
# Visual Studio Version 17
VisualStudioVersion = 17.2.32526.322
MinimumVisualStudioVersion = 10.0.40219.1
Project("{FAE04EC0-301F-11D3-BF4B-00C04F79EFBC}") = "CrownHotelListing", "CrownHotelListing\CrownHotelListing.csproj", "{8FE187C4-56A3-424B-B712-C063845F53B9}"
EndProject
Global
	GlobalSection(SolutionConfigurationPlatforms) = preSolution
		Debug|Any CPU = Debug|Any CPU
		Release|Any CPU = Release|Any CPU
	EndGlobalSection
	GlobalSection(ProjectConfigurationPlatforms) = postSolution
		{8FE187C4-56A3-424B-B712-C063845F53B9}.Debug|Any CPU.ActiveCfg = Debug|Any CPU
		{8FE187C4-56A3-424B-B712-C063845F53B9}.Debug|Any CPU.Build.0 = Debug|Any CPU
		{8FE187C4-56A3-424B-B712-C063845F53B9}.Release|Any CPU.ActiveCfg = Release|Any CPU
		{8FE187C4-56A3-424B-B712-C063845F53B9}.Release|Any CPU.Build.0 = Release|Any CPU
	EndGlobalSection
	GlobalSection(SolutionProperties) = preSolution
		HideSolutionNode = FALSE
	EndGlobalSection
	GlobalSection(ExtensibilityGlobals) = postSolution
		SolutionGuid = {8C623ABC-1EA4-4749-8811-E55249D69CB9}
	EndGlobalSection
EndGlobal
